
Microsoft Visual Studio Solution File, Format Version 12.00
# Visual Studio Version 17
VisualStudioVersion = 17.14.36717.8 d17.14
MinimumVisualStudioVersion = 10.0.40219.1
Project("{FAE04EC0-301F-11D3-BF4B-00C04F79EFBC}") = "SSRUnited", "SSRUnited\SSRUnited\SSRUnited.csproj", "{63894D3B-01DD-4B99-B131-73FBDACF2721}"
EndProject
Project("{FAE04EC0-301F-11D3-BF4B-00C04F79EFBC}") = "SSRUnited.Client", "SSRUnited\SSRUnited.Client\SSRUnited.Client.csproj", "{8CA24F5A-CC38-41D4-85B6-76E602F4C8A4}"
EndProject
Project("{FAE04EC0-301F-11D3-BF4B-00C04F79EFBC}") = "SSRUnited.Shared", "SSRUnited.Shared\SSRUnited.Shared.csproj", "{263BF884-844A-4128-8E8D-D08D7B0FEB74}"
EndProject
Project("{FAE04EC0-301F-11D3-BF4B-00C04F79EFBC}") = "SSRUnited.Api", "SSRUnited.Api\SSRUnited.Api.csproj", "{D801CDD6-7202-4E91-BAF9-4A68E387BE9A}"
EndProject
Global
	GlobalSection(SolutionConfigurationPlatforms) = preSolution
		Debug|Any CPU = Debug|Any CPU
		Release|Any CPU = Release|Any CPU
	EndGlobalSection
	GlobalSection(ProjectConfigurationPlatforms) = postSolution
		{63894D3B-01DD-4B99-B131-73FBDACF2721}.Debug|Any CPU.ActiveCfg = Debug|Any CPU
		{63894D3B-01DD-4B99-B131-73FBDACF2721}.Debug|Any CPU.Build.0 = Debug|Any CPU
		{63894D3B-01DD-4B99-B131-73FBDACF2721}.Release|Any CPU.ActiveCfg = Release|Any CPU
		{63894D3B-01DD-4B99-B131-73FBDACF2721}.Release|Any CPU.Build.0 = Release|Any CPU
		{8CA24F5A-CC38-41D4-85B6-76E602F4C8A4}.Debug|Any CPU.ActiveCfg = Debug|Any CPU
		{8CA24F5A-CC38-41D4-85B6-76E602F4C8A4}.Debug|Any CPU.Build.0 = Debug|Any CPU
		{8CA24F5A-CC38-41D4-85B6-76E602F4C8A4}.Release|Any CPU.ActiveCfg = Release|Any CPU
		{8CA24F5A-CC38-41D4-85B6-76E602F4C8A4}.Release|Any CPU.Build.0 = Release|Any CPU
		{263BF884-844A-4128-8E8D-D08D7B0FEB74}.Debug|Any CPU.ActiveCfg = Debug|Any CPU
		{263BF884-844A-4128-8E8D-D08D7B0FEB74}.Debug|Any CPU.Build.0 = Debug|Any CPU
		{263BF884-844A-4128-8E8D-D08D7B0FEB74}.Release|Any CPU.ActiveCfg = Release|Any CPU
		{263BF884-844A-4128-8E8D-D08D7B0FEB74}.Release|Any CPU.Build.0 = Release|Any CPU
		{D801CDD6-7202-4E91-BAF9-4A68E387BE9A}.Debug|Any CPU.ActiveCfg = Debug|Any CPU
		{D801CDD6-7202-4E91-BAF9-4A68E387BE9A}.Debug|Any CPU.Build.0 = Debug|Any CPU
		{D801CDD6-7202-4E91-BAF9-4A68E387BE9A}.Release|Any CPU.ActiveCfg = Release|Any CPU
		{D801CDD6-7202-4E91-BAF9-4A68E387BE9A}.Release|Any CPU.Build.0 = Release|Any CPU
	EndGlobalSection
	GlobalSection(SolutionProperties) = preSolution
		HideSolutionNode = FALSE
	EndGlobalSection
	GlobalSection(ExtensibilityGlobals) = postSolution
		SolutionGuid = {3C155495-0B5C-4775-9085-9931433F8E2C}
	EndGlobalSection
EndGlobal
